{
  "name": "react-app-rewire-polished",
  "version": "1.0.0",
  "lockfileVersion": 1,
  "requires": true,
  "dependencies": {
    "babel-plugin-polished": {
      "version": "1.1.0",
      "resolved": "https://registry.npmjs.org/babel-plugin-polished/-/babel-plugin-polished-1.1.0.tgz",
      "integrity": "sha1-f2kCq46cIPwUy1PVlt2FiIDjV9M=",
      "requires": {
        "polished": "1.8.1"
      }
    },
    "polished": {
      "version": "1.8.1",
      "resolved": "https://registry.npmjs.org/polished/-/polished-1.8.1.tgz",
      "integrity": "sha512-0DJUKvma7rdAIhntPxZpRNGFbvMtk+9i4mttF+mBc9DRy3agw44H3GDnh0R2AgBce/D226uKEvztjRQptP9jBg=="
    }
  }
}
